
Microsoft Visual Studio Solution File, Format Version 12.00
# Visual Studio Version 16
VisualStudioVersion = 16.0.30011.22
MinimumVisualStudioVersion = 10.0.40219.1
Project("{9A19103F-16F7-4668-BE54-9A1E7A4F7556}") = "TestTask", "TestTask\TestTask.csproj", "{E75DE40D-68E2-41DE-BCA6-09455752A6B5}"
EndProject
Project("{FAE04EC0-301F-11D3-BF4B-00C04F79EFBC}") = "TestTask.Tests", "TestTask.Tests\TestTask.Tests.csproj", "{3DCCF69C-FD60-4360-9617-9DF5AB473AD7}"
EndProject
Global
	GlobalSection(SolutionConfigurationPlatforms) = preSolution
		Debug|Any CPU = Debug|Any CPU
		Release|Any CPU = Release|Any CPU
	EndGlobalSection
	GlobalSection(ProjectConfigurationPlatforms) = postSolution
		{E75DE40D-68E2-41DE-BCA6-09455752A6B5}.Debug|Any CPU.ActiveCfg = Debug|Any CPU
		{E75DE40D-68E2-41DE-BCA6-09455752A6B5}.Debug|Any CPU.Build.0 = Debug|Any CPU
		{E75DE40D-68E2-41DE-BCA6-09455752A6B5}.Release|Any CPU.ActiveCfg = Release|Any CPU
		{E75DE40D-68E2-41DE-BCA6-09455752A6B5}.Release|Any CPU.Build.0 = Release|Any CPU
		{3DCCF69C-FD60-4360-9617-9DF5AB473AD7}.Debug|Any CPU.ActiveCfg = Debug|Any CPU
		{3DCCF69C-FD60-4360-9617-9DF5AB473AD7}.Debug|Any CPU.Build.0 = Debug|Any CPU
		{3DCCF69C-FD60-4360-9617-9DF5AB473AD7}.Release|Any CPU.ActiveCfg = Release|Any CPU
		{3DCCF69C-FD60-4360-9617-9DF5AB473AD7}.Release|Any CPU.Build.0 = Release|Any CPU
	EndGlobalSection
	GlobalSection(SolutionProperties) = preSolution
		HideSolutionNode = FALSE
	EndGlobalSection
	GlobalSection(ExtensibilityGlobals) = postSolution
		SolutionGuid = {1CC5D9E6-CBAD-4082-8F16-D3C9E1AECB27}
	EndGlobalSection
EndGlobal
